// !$*UTF8*$!
{
	archiveVersion = 1;
	classes = {
	};
	objectVersion = 50;
	objects = {

/* Begin PBXBuildFile section */
		043E6F0E25437CC90073A53B /* PasswordViewController.swift in Sources */ = {isa = PBXBuildFile; fileRef = 043E6F0D25437CC90073A53B /* PasswordViewController.swift */; };
		043E6F1225444E690073A53B /* InvalidLoginViewController.swift in Sources */ = {isa = PBXBuildFile; fileRef = 043E6F1125444E690073A53B /* InvalidLoginViewController.swift */; };
		04402B5A25461CB500712825 /* AboutmeViewController.swift in Sources */ = {isa = PBXBuildFile; fileRef = 04402B5925461CB500712825 /* AboutmeViewController.swift */; };
		04402B5D25461CD300712825 /* PhotoViewController.swift in Sources */ = {isa = PBXBuildFile; fileRef = 04402B5C25461CD300712825 /* PhotoViewController.swift */; };
		0440A4172544EAFE005A1FAD /* User.swift in Sources */ = {isa = PBXBuildFile; fileRef = 0440A4162544EAFE005A1FAD /* User.swift */; };
		0452568A254323120011A0E2 /* AppDelegate.swift in Sources */ = {isa = PBXBuildFile; fileRef = 04525689254323120011A0E2 /* AppDelegate.swift */; };
		0452568C254323120011A0E2 /* SceneDelegate.swift in Sources */ = {isa = PBXBuildFile; fileRef = 0452568B254323120011A0E2 /* SceneDelegate.swift */; };
		0452568E254323120011A0E2 /* MainViewController.swift in Sources */ = {isa = PBXBuildFile; fileRef = 0452568D254323120011A0E2 /* MainViewController.swift */; };
		04525691254323120011A0E2 /* Main.storyboard in Resources */ = {isa = PBXBuildFile; fileRef = 0452568F254323120011A0E2 /* Main.storyboard */; };
		04525693254323240011A0E2 /* Assets.xcassets in Resources */ = {isa = PBXBuildFile; fileRef = 04525692254323240011A0E2 /* Assets.xcassets */; };
		04525696254323240011A0E2 /* LaunchScreen.storyboard in Resources */ = {isa = PBXBuildFile; fileRef = 04525694254323240011A0E2 /* LaunchScreen.storyboard */; };
		045256AC25435D6C0011A0E2 /* UsernameViewController.swift in Sources */ = {isa = PBXBuildFile; fileRef = 045256AB25435D6C0011A0E2 /* UsernameViewController.swift */; };
		04918B552544CFF200931F53 /* HelloViewController.swift in Sources */ = {isa = PBXBuildFile; fileRef = 04918B542544CFF200931F53 /* HelloViewController.swift */; };
/* End PBXBuildFile section */

/* Begin PBXFileReference section */
		043E6F0D25437CC90073A53B /* PasswordViewController.swift */ = {isa = PBXFileReference; lastKnownFileType = sourcecode.swift; path = PasswordViewController.swift; sourceTree = "<group>"; };
		043E6F1125444E690073A53B /* InvalidLoginViewController.swift */ = {isa = PBXFileReference; lastKnownFileType = sourcecode.swift; path = InvalidLoginViewController.swift; sourceTree = "<group>"; };
		04402B5925461CB500712825 /* AboutmeViewController.swift */ = {isa = PBXFileReference; lastKnownFileType = sourcecode.swift; path = AboutmeViewController.swift; sourceTree = "<group>"; };
		04402B5C25461CD300712825 /* PhotoViewController.swift */ = {isa = PBXFileReference; lastKnownFileType = sourcecode.swift; name = PhotoViewController.swift; path = personalInfo/storyboards/PhotoViewController.swift; sourceTree = SOURCE_ROOT; };
		0440A4162544EAFE005A1FAD /* User.swift */ = {isa = PBXFileReference; lastKnownFileType = sourcecode.swift; path = User.swift; sourceTree = "<group>"; };
		04525686254323120011A0E2 /* personalInfo.app */ = {isa = PBXFileReference; explicitFileType = wrapper.application; includeInIndex = 0; path = personalInfo.app; sourceTree = BUILT_PRODUCTS_DIR; };
		04525689254323120011A0E2 /* AppDelegate.swift */ = {isa = PBXFileReference; lastKnownFileType = sourcecode.swift; path = AppDelegate.swift; sourceTree = "<group>"; };
		0452568B254323120011A0E2 /* SceneDelegate.swift */ = {isa = PBXFileReference; lastKnownFileType = sourcecode.swift; path = SceneDelegate.swift; sourceTree = "<group>"; };
		0452568D254323120011A0E2 /* MainViewController.swift */ = {isa = PBXFileReference; lastKnownFileType = sourcecode.swift; path = MainViewController.swift; sourceTree = "<group>"; };
		04525690254323120011A0E2 /* Base */ = {isa = PBXFileReference; lastKnownFileType = file.storyboard; name = Base; path = Base.lproj/Main.storyboard; sourceTree = "<group>"; };
		04525692254323240011A0E2 /* Assets.xcassets */ = {isa = PBXFileReference; lastKnownFileType = folder.assetcatalog; path = Assets.xcassets; sourceTree = "<group>"; };
		04525695254323240011A0E2 /* Base */ = {isa = PBXFileReference; lastKnownFileType = file.storyboard; name = Base; path = Base.lproj/LaunchScreen.storyboard; sourceTree = "<group>"; };
		04525697254323240011A0E2 /* Info.plist */ = {isa = PBXFileReference; lastKnownFileType = text.plist.xml; path = Info.plist; sourceTree = "<group>"; };
		045256AB25435D6C0011A0E2 /* UsernameViewController.swift */ = {isa = PBXFileReference; lastKnownFileType = sourcecode.swift; path = UsernameViewController.swift; sourceTree = "<group>"; };
		04918B542544CFF200931F53 /* HelloViewController.swift */ = {isa = PBXFileReference; lastKnownFileType = sourcecode.swift; path = HelloViewController.swift; sourceTree = "<group>"; };
/* End PBXFileReference section */

/* Begin PBXFrameworksBuildPhase section */
		04525683254323120011A0E2 /* Frameworks */ = {
			isa = PBXFrameworksBuildPhase;
			buildActionMask = 2147483647;
			files = (
			);
			runOnlyForDeploymentPostprocessing = 0;
		};
/* End PBXFrameworksBuildPhase section */

/* Begin PBXGroup section */
		0440A4152544EA0F005A1FAD /* models */ = {
			isa = PBXGroup;
			children = (
				0440A4162544EAFE005A1FAD /* User.swift */,
			);
			path = models;
			sourceTree = "<group>";
		};
		0452567D254323110011A0E2 = {
			isa = PBXGroup;
			children = (
				0440A4152544EA0F005A1FAD /* models */,
				04525688254323120011A0E2 /* personalInfo */,
				04525687254323120011A0E2 /* Products */,
			);
			sourceTree = "<group>";
		};
		04525687254323120011A0E2 /* Products */ = {
			isa = PBXGroup;
			children = (
				04525686254323120011A0E2 /* personalInfo.app */,
			);
			name = Products;
			sourceTree = "<group>";
		};
		04525688254323120011A0E2 /* personalInfo */ = {
			isa = PBXGroup;
			children = (
				0452569F254327240011A0E2 /* supporting files */,
				045256A1254327D90011A0E2 /* view controllers */,
				0452569E254326F90011A0E2 /* storyboards */,
				045256A4254328A80011A0E2 /* resourses */,
			);
			path = personalInfo;
			sourceTree = "<group>";
		};
		0452569E254326F90011A0E2 /* storyboards */ = {
			isa = PBXGroup;
			children = (
				0452568F254323120011A0E2 /* Main.storyboard */,
				04525694254323240011A0E2 /* LaunchScreen.storyboard */,
			);
			path = storyboards;
			sourceTree = "<group>";
		};
		0452569F254327240011A0E2 /* supporting files */ = {
			isa = PBXGroup;
			children = (
				04525689254323120011A0E2 /* AppDelegate.swift */,
				0452568B254323120011A0E2 /* SceneDelegate.swift */,
				04525697254323240011A0E2 /* Info.plist */,
			);
			path = "supporting files";
			sourceTree = "<group>";
		};
		045256A1254327D90011A0E2 /* view controllers */ = {
			isa = PBXGroup;
			children = (
				0452568D254323120011A0E2 /* MainViewController.swift */,
				045256AB25435D6C0011A0E2 /* UsernameViewController.swift */,
				043E6F0D25437CC90073A53B /* PasswordViewController.swift */,
				043E6F1125444E690073A53B /* InvalidLoginViewController.swift */,
				04918B542544CFF200931F53 /* HelloViewController.swift */,
				04402B5925461CB500712825 /* AboutmeViewController.swift */,
				04402B5C25461CD300712825 /* PhotoViewController.swift */,
			);
			path = "view controllers";
			sourceTree = "<group>";
		};
		045256A4254328A80011A0E2 /* resourses */ = {
			isa = PBXGroup;
			children = (
				04525692254323240011A0E2 /* Assets.xcassets */,
			);
			path = resourses;
			sourceTree = "<group>";
		};
/* End PBXGroup section */

/* Begin PBXNativeTarget section */
		04525685254323120011A0E2 /* personalInfo */ = {
			isa = PBXNativeTarget;
			buildConfigurationList = 0452569A254323240011A0E2 /* Build configuration list for PBXNativeTarget "personalInfo" */;
			buildPhases = (
				04525682254323120011A0E2 /* Sources */,
				04525683254323120011A0E2 /* Frameworks */,
				04525684254323120011A0E2 /* Resources */,
			);
			buildRules = (
			);
			dependencies = (
			);
			name = personalInfo;
			productName = personalInfo;
			productReference = 04525686254323120011A0E2 /* personalInfo.app */;
			productType = "com.apple.product-type.application";
		};
/* End PBXNativeTarget section */

/* Begin PBXProject section */
		0452567E254323110011A0E2 /* Project object */ = {
			isa = PBXProject;
			attributes = {
				LastSwiftUpdateCheck = 1200;
				LastUpgradeCheck = 1200;
				TargetAttributes = {
					04525685254323120011A0E2 = {
						CreatedOnToolsVersion = 12.0.1;
					};
				};
			};
			buildConfigurationList = 04525681254323110011A0E2 /* Build configuration list for PBXProject "personalInfo" */;
			compatibilityVersion = "Xcode 9.3";
			developmentRegion = en;
			hasScannedForEncodings = 0;
			knownRegions = (
				en,
				Base,
			);
			mainGroup = 0452567D254323110011A0E2;
			productRefGroup = 04525687254323120011A0E2 /* Products */;
			projectDirPath = "";
			projectRoot = "";
			targets = (
				04525685254323120011A0E2 /* personalInfo */,
			);
		};
/* End PBXProject section */

/* Begin PBXResourcesBuildPhase section */
		04525684254323120011A0E2 /* Resources */ = {
			isa = PBXResourcesBuildPhase;
			buildActionMask = 2147483647;
			files = (
				04525696254323240011A0E2 /* LaunchScreen.storyboard in Resources */,
				04525693254323240011A0E2 /* Assets.xcassets in Resources */,
				04525691254323120011A0E2 /* Main.storyboard in Resources */,
			);
			runOnlyForDeploymentPostprocessing = 0;
		};
/* End PBXResourcesBuildPhase section */

/* Begin PBXSourcesBuildPhase section */
		04525682254323120011A0E2 /* Sources */ = {
			isa = PBXSourcesBuildPhase;
			buildActionMask = 2147483647;
			files = (
				04402B5A25461CB500712825 /* AboutmeViewController.swift in Sources */,
				0452568E254323120011A0E2 /* MainViewController.swift in Sources */,
				043E6F0E25437CC90073A53B /* PasswordViewController.swift in Sources */,
				04918B552544CFF200931F53 /* HelloViewController.swift in Sources */,
				043E6F1225444E690073A53B /* InvalidLoginViewController.swift in Sources */,
				0440A4172544EAFE005A1FAD /* User.swift in Sources */,
				0452568A254323120011A0E2 /* AppDelegate.swift in Sources */,
				045256AC25435D6C0011A0E2 /* UsernameViewController.swift in Sources */,
				0452568C254323120011A0E2 /* SceneDelegate.swift in Sources */,
				04402B5D25461CD300712825 /* PhotoViewController.swift in Sources */,
			);
			runOnlyForDeploymentPostprocessing = 0;
		};
/* End PBXSourcesBuildPhase section */

/* Begin PBXVariantGroup section */
		0452568F254323120011A0E2 /* Main.storyboard */ = {
			isa = PBXVariantGroup;
			children = (
				04525690254323120011A0E2 /* Base */,
			);
			name = Main.storyboard;
			sourceTree = "<group>";
		};
		04525694254323240011A0E2 /* LaunchScreen.storyboard */ = {
			isa = PBXVariantGroup;
			children = (
				04525695254323240011A0E2 /* Base */,
			);
			name = LaunchScreen.storyboard;
			sourceTree = "<group>";
		};
/* End PBXVariantGroup section */

/* Begin XCBuildConfiguration section */
		04525698254323240011A0E2 /* Debug */ = {
			isa = XCBuildConfiguration;
			buildSettings = {
				ALWAYS_SEARCH_USER_PATHS = NO;
				CLANG_ANALYZER_NONNULL = YES;
				CLANG_ANALYZER_NUMBER_OBJECT_CONVERSION = YES_AGGRESSIVE;
				CLANG_CXX_LANGUAGE_STANDARD = "gnu++14";
				CLANG_CXX_LIBRARY = "libc++";
				CLANG_ENABLE_MODULES = YES;
				CLANG_ENABLE_OBJC_ARC = YES;
				CLANG_ENABLE_OBJC_WEAK = YES;
				CLANG_WARN_BLOCK_CAPTURE_AUTORELEASING = YES;
				CLANG_WARN_BOOL_CONVERSION = YES;
				CLANG_WARN_COMMA = YES;
				CLANG_WARN_CONSTANT_CONVERSION = YES;
				CLANG_WARN_DEPRECATED_OBJC_IMPLEMENTATIONS = YES;
				CLANG_WARN_DIRECT_OBJC_ISA_USAGE = YES_ERROR;
				CLANG_WARN_DOCUMENTATION_COMMENTS = YES;
				CLANG_WARN_EMPTY_BODY = YES;
				CLANG_WARN_ENUM_CONVERSION = YES;
				CLANG_WARN_INFINITE_RECURSION = YES;
				CLANG_WARN_INT_CONVERSION = YES;
				CLANG_WARN_NON_LITERAL_NULL_CONVERSION = YES;
				CLANG_WARN_OBJC_IMPLICIT_RETAIN_SELF = YES;
				CLANG_WARN_OBJC_LITERAL_CONVERSION = YES;
				CLANG_WARN_OBJC_ROOT_CLASS = YES_ERROR;
				CLANG_WARN_QUOTED_INCLUDE_IN_FRAMEWORK_HEADER = YES;
				CLANG_WARN_RANGE_LOOP_ANALYSIS = YES;
				CLANG_WARN_STRICT_PROTOTYPES = YES;
				CLANG_WARN_SUSPICIOUS_MOVE = YES;
				CLANG_WARN_UNGUARDED_AVAILABILITY = YES_AGGRESSIVE;
				CLANG_WARN_UNREACHABLE_CODE = YES;
				CLANG_WARN__DUPLICATE_METHOD_MATCH = YES;
				COPY_PHASE_STRIP = NO;
				DEBUG_INFORMATION_FORMAT = dwarf;
				ENABLE_STRICT_OBJC_MSGSEND = YES;
				ENABLE_TESTABILITY = YES;
				GCC_C_LANGUAGE_STANDARD = gnu11;
				GCC_DYNAMIC_NO_PIC = NO;
				GCC_NO_COMMON_BLOCKS = YES;
				GCC_OPTIMIZATION_LEVEL = 0;
				GCC_PREPROCESSOR_DEFINITIONS = (
					"DEBUG=1",
					"$(inherited)",
				);
				GCC_WARN_64_TO_32_BIT_CONVERSION = YES;
				GCC_WARN_ABOUT_RETURN_TYPE = YES_ERROR;
				GCC_WARN_UNDECLARED_SELECTOR = YES;
				GCC_WARN_UNINITIALIZED_AUTOS = YES_AGGRESSIVE;
				GCC_WARN_UNUSED_FUNCTION = YES;
				GCC_WARN_UNUSED_VARIABLE = YES;
				IPHONEOS_DEPLOYMENT_TARGET = 14.0;
				MTL_ENABLE_DEBUG_INFO = INCLUDE_SOURCE;
				MTL_FAST_MATH = YES;
				ONLY_ACTIVE_ARCH = YES;
				SDKROOT = iphoneos;
				SWIFT_ACTIVE_COMPILATION_CONDITIONS = DEBUG;
				SWIFT_OPTIMIZATION_LEVEL = "-Onone";
			};
			name = Debug;
		};
		04525699254323240011A0E2 /* Release */ = {
			isa = XCBuildConfiguration;
			buildSettings = {
				ALWAYS_SEARCH_USER_PATHS = NO;
				CLANG_ANALYZER_NONNULL = YES;
				CLANG_ANALYZER_NUMBER_OBJECT_CONVERSION = YES_AGGRESSIVE;
				CLANG_CXX_LANGUAGE_STANDARD = "gnu++14";
				CLANG_CXX_LIBRARY = "libc++";
				CLANG_ENABLE_MODULES = YES;
				CLANG_ENABLE_OBJC_ARC = YES;
				CLANG_ENABLE_OBJC_WEAK = YES;
				CLANG_WARN_BLOCK_CAPTURE_AUTORELEASING = YES;
				CLANG_WARN_BOOL_CONVERSION = YES;
				CLANG_WARN_COMMA = YES;
				CLANG_WARN_CONSTANT_CONVERSION = YES;
				CLANG_WARN_DEPRECATED_OBJC_IMPLEMENTATIONS = YES;
				CLANG_WARN_DIRECT_OBJC_ISA_USAGE = YES_ERROR;
				CLANG_WARN_DOCUMENTATION_COMMENTS = YES;
				CLANG_WARN_EMPTY_BODY = YES;
				CLANG_WARN_ENUM_CONVERSION = YES;
				CLANG_WARN_INFINITE_RECURSION = YES;
				CLANG_WARN_INT_CONVERSION = YES;
				CLANG_WARN_NON_LITERAL_NULL_CONVERSION = YES;
				CLANG_WARN_OBJC_IMPLICIT_RETAIN_SELF = YES;
				CLANG_WARN_OBJC_LITERAL_CONVERSION = YES;
				CLANG_WARN_OBJC_ROOT_CLASS = YES_ERROR;
				CLANG_WARN_QUOTED_INCLUDE_IN_FRAMEWORK_HEADER = YES;
				CLANG_WARN_RANGE_LOOP_ANALYSIS = YES;
				CLANG_WARN_STRICT_PROTOTYPES = YES;
				CLANG_WARN_SUSPICIOUS_MOVE = YES;
				CLANG_WARN_UNGUARDED_AVAILABILITY = YES_AGGRESSIVE;
				CLANG_WARN_UNREACHABLE_CODE = YES;
				CLANG_WARN__DUPLICATE_METHOD_MATCH = YES;
				COPY_PHASE_STRIP = NO;
				DEBUG_INFORMATION_FORMAT = "dwarf-with-dsym";
				ENABLE_NS_ASSERTIONS = NO;
				ENABLE_STRICT_OBJC_MSGSEND = YES;
				GCC_C_LANGUAGE_STANDARD = gnu11;
				GCC_NO_COMMON_BLOCKS = YES;
				GCC_WARN_64_TO_32_BIT_CONVERSION = YES;
				GCC_WARN_ABOUT_RETURN_TYPE = YES_ERROR;
				GCC_WARN_UNDECLARED_SELECTOR = YES;
				GCC_WARN_UNINITIALIZED_AUTOS = YES_AGGRESSIVE;
				GCC_WARN_UNUSED_FUNCTION = YES;
				GCC_WARN_UNUSED_VARIABLE = YES;
				IPHONEOS_DEPLOYMENT_TARGET = 14.0;
				MTL_ENABLE_DEBUG_INFO = NO;
				MTL_FAST_MATH = YES;
				SDKROOT = iphoneos;
				SWIFT_COMPILATION_MODE = wholemodule;
				SWIFT_OPTIMIZATION_LEVEL = "-O";
				VALIDATE_PRODUCT = YES;
			};
			name = Release;
		};
		0452569B254323240011A0E2 /* Debug */ = {
			isa = XCBuildConfiguration;
			buildSettings = {
				ASSETCATALOG_COMPILER_APPICON_NAME = AppIcon;
				ASSETCATALOG_COMPILER_GLOBAL_ACCENT_COLOR_NAME = AccentColor;
				CODE_SIGN_STYLE = Automatic;
				INFOPLIST_FILE = "personalinfo/supporting files/info.plist";
				LD_RUNPATH_SEARCH_PATHS = (
					"$(inherited)",
					"@executable_path/Frameworks",
				);
				PRODUCT_BUNDLE_IDENTIFIER = ru.olyayushkevich.personalInfo;
				PRODUCT_NAME = "$(TARGET_NAME)";
				SWIFT_VERSION = 5.0;
				TARGETED_DEVICE_FAMILY = "1,2";
			};
			name = Debug;
		};
		0452569C254323240011A0E2 /* Release */ = {
			isa = XCBuildConfiguration;
			buildSettings = {
				ASSETCATALOG_COMPILER_APPICON_NAME = AppIcon;
				ASSETCATALOG_COMPILER_GLOBAL_ACCENT_COLOR_NAME = AccentColor;
				CODE_SIGN_STYLE = Automatic;
				INFOPLIST_FILE = "personalinfo/supporting files/info.plist";
				LD_RUNPATH_SEARCH_PATHS = (
					"$(inherited)",
					"@executable_path/Frameworks",
				);
				PRODUCT_BUNDLE_IDENTIFIER = ru.olyayushkevich.personalInfo;
				PRODUCT_NAME = "$(TARGET_NAME)";
				SWIFT_VERSION = 5.0;
				TARGETED_DEVICE_FAMILY = "1,2";
			};
			name = Release;
		};
/* End XCBuildConfiguration section */

/* Begin XCConfigurationList section */
		04525681254323110011A0E2 /* Build configuration list for PBXProject "personalInfo" */ = {
			isa = XCConfigurationList;
			buildConfigurations = (
				04525698254323240011A0E2 /* Debug */,
				04525699254323240011A0E2 /* Release */,
			);
			defaultConfigurationIsVisible = 0;
			defaultConfigurationName = Release;
		};
		0452569A254323240011A0E2 /* Build configuration list for PBXNativeTarget "personalInfo" */ = {
			isa = XCConfigurationList;
			buildConfigurations = (
				0452569B254323240011A0E2 /* Debug */,
				0452569C254323240011A0E2 /* Release */,
			);
			defaultConfigurationIsVisible = 0;
			defaultConfigurationName = Release;
		};
/* End XCConfigurationList section */
	};
	rootObject = 0452567E254323110011A0E2 /* Project object */;
}
